PODS:
  - ASIHTTPRequest (1.8.2):
    - ASIHTTPRequest/ASIWebPageRequest (= 1.8.2)
    - ASIHTTPRequest/CloudFiles (= 1.8.2)
    - ASIHTTPRequest/Core (= 1.8.2)
    - ASIHTTPRequest/S3 (= 1.8.2)
  - ASIHTTPRequest/ASIWebPageRequest (1.8.2):
    - ASIHTTPRequest/Core
  - ASIHTTPRequest/CloudFiles (1.8.2):
    - ASIHTTPRequest/Core
  - ASIHTTPRequest/Core (1.8.2):
    - Reachability
  - ASIHTTPRequest/S3 (1.8.2):
    - ASIHTTPRequest/Core
  - DTCoreText (1.6.19):
    - DTCoreText/Core (= 1.6.19)
    - DTFoundation/Core (~> 1.7.5)
    - DTFoundation/DTAnimatedGIF (~> 1.7.5)
    - DTFoundation/DTHTMLParser (~> 1.7.5)
    - DTFoundation/UIKit (~> 1.7.5)
  - DTCoreText/Core (1.6.19):
    - DTFoundation/Core (~> 1.7.5)
    - DTFoundation/DTAnimatedGIF (~> 1.7.5)
    - DTFoundation/DTHTMLParser (~> 1.7.5)
    - DTFoundation/UIKit (~> 1.7.5)
  - DTFoundation/Core (1.7.11)
  - DTFoundation/DTAnimatedGIF (1.7.11)
  - DTFoundation/DTHTMLParser (1.7.11):
    - DTFoundation/Core
  - DTFoundation/UIKit (1.7.11):
    - DTFoundation/Core
  - FDFullscreenPopGesture (1.1)
  - Masonry (1.0.2)
  - Reachability (3.2)
  - SDWebImage (3.8.2):
    - SDWebImage/Core (= 3.8.2)
  - SDWebImage/Core (3.8.2)
  - ZFDownload (1.0.2):
    - ASIHTTPRequest

DEPENDENCIES:
  - DTCoreText
  - FDFullscreenPopGesture
  - Masonry
  - SDWebImage
  - ZFDownload

SPEC CHECKSUMS:
  ASIHTTPRequest: ec013992946676b7978dcbde6396d57312d21db4
  DTCoreText: 184cc2f460c2177108e8700dfb0eb1b1cb72c99d
  DTFoundation: 0ef29c70a9814e15518694862bd739347abe2a50
  FDFullscreenPopGesture: a8a620179e3d9c40e8e00256dcee1c1a27c6d0f0
  Masonry: 7c429b56da9d4ee0bbb3ed77a5ea710d6a5df39e
  Reachability: 33e18b67625424e47b6cde6d202dce689ad7af96
  SDWebImage: 098e97e6176540799c27e804c96653ee0833d13c
  ZFDownload: a52f94ebb080833b8a8ceb19a409f2941343fe7f

PODFILE CHECKSUM: 30bc157b5612810f0f1906067b30c93343673bc6

COCOAPODS: 1.2.0.beta.3
